
Microsoft Visual Studio Solution File, Format Version 12.00
# Visual Studio Version 16
VisualStudioVersion = 16.0.31112.23
MinimumVisualStudioVersion = 10.0.40219.1
Project("{FAE04EC0-301F-11D3-BF4B-00C04F79EFBC}") = "DslToSr", "DslToSr\DslToSr.csproj", "{8606234C-0E28-4940-BFBD-F0BBD5757F01}"
EndProject
Project("{2150E333-8FDC-42A3-9474-1A3956D46DE8}") = "Solution Items", "Solution Items", "{F0B1A5EB-DBBB-435E-94E6-DDDA2654815F}"
	ProjectSection(SolutionItems) = preProject
		README.md = README.md
	EndProjectSection
EndProject
Global
	GlobalSection(SolutionConfigurationPlatforms) = preSolution
		Debug|Any CPU = Debug|Any CPU
		Release|Any CPU = Release|Any CPU
	EndGlobalSection
	GlobalSection(ProjectConfigurationPlatforms) = postSolution
		{8606234C-0E28-4940-BFBD-F0BBD5757F01}.Debug|Any CPU.ActiveCfg = Debug|Any CPU
		{8606234C-0E28-4940-BFBD-F0BBD5757F01}.Debug|Any CPU.Build.0 = Debug|Any CPU
		{8606234C-0E28-4940-BFBD-F0BBD5757F01}.Release|Any CPU.ActiveCfg = Release|Any CPU
		{8606234C-0E28-4940-BFBD-F0BBD5757F01}.Release|Any CPU.Build.0 = Release|Any CPU
	EndGlobalSection
	GlobalSection(SolutionProperties) = preSolution
		HideSolutionNode = FALSE
	EndGlobalSection
	GlobalSection(ExtensibilityGlobals) = postSolution
		SolutionGuid = {A2D97EDD-74D7-40EF-BABA-A2247BC83650}
	EndGlobalSection
EndGlobal
